Microsoft Visual Studio Solution File, Format Version 12.00
# Visual Studio Version 17
VisualStudioVersion = 17.1.32104.313
MinimumVisualStudioVersion = 10.0.40219.1
Project("{9A19103F-16F7-4668-BE54-9A1E7A4F7556}") = "github-release-downloader", "github-release-downloader.csproj", "{8900FC00-5C5E-45FD-B58B-09843A535AE3}"
EndProject
Project("{2150E333-8FDC-42A3-9474-1A3956D46DE8}") = "Solution Items", "Solution Items", "{6C4D1CFC-4EC3-4F2F-9CA6-F1C5356317AC}"
	ProjectSection(SolutionItems) = preProject
		Directory.Build.props = Directory.Build.props
		..\README.md = ..\README.md
	EndProjectSection
EndProject
Global
	GlobalSection(SolutionConfigurationPlatforms) = preSolution
		Debug|Any CPU = Debug|Any CPU
		Release|Any CPU = Release|Any CPU
	EndGlobalSection
	GlobalSection(ProjectConfigurationPlatforms) = postSolution
		{8900FC00-5C5E-45FD-B58B-09843A535AE3}.Debug|Any CPU.ActiveCfg = Debug|Any CPU
		{8900FC00-5C5E-45FD-B58B-09843A535AE3}.Debug|Any CPU.Build.0 = Debug|Any CPU
		{8900FC00-5C5E-45FD-B58B-09843A535AE3}.Release|Any CPU.ActiveCfg = Release|Any CPU
		{8900FC00-5C5E-45FD-B58B-09843A535AE3}.Release|Any CPU.Build.0 = Release|Any CPU
	EndGlobalSection
	GlobalSection(SolutionProperties) = preSolution
		HideSolutionNode = FALSE
	EndGlobalSection
	GlobalSection(ExtensibilityGlobals) = postSolution
		        SolutionGuid = {BAEEF4FA-BF6C-4216-BF21-C65BF12C3605}
	EndGlobalSection
EndGlobal
