{
  "version": 1,
  "dependencies": {
    "net8.0": {
      "Microsoft.DotNet.ILCompiler": {
        "type": "Direct",
        "requested": "[8.0.13, )",
        "resolved": "8.0.13",
        "contentHash": "CCIhseY9KUJDIYKt7qD1IRLQA6Hr/8Dky31KS6UrM2sFyaFUb2JLagT0Uy2BiSf1i1Qy3nPjRb0zc1JFogOi9w=="
      },
      "Microsoft.NET.ILLink.Tasks": {
        "type": "Direct",
        "requested": "[8.0.13, )",
        "resolved": "8.0.13",
        "contentHash": "R19ZTaRiQAK+xo9ZwaHbF/1vb1wwR1Wn5+sqp9v8+CDjbdS8R6qftKdw0VSXWKm7VAMi7P+NCU4zxDzhEWcAwQ=="
      },
      "System.CommandLine": {
        "type": "Direct",
        "requested": "[2.0.0-beta4.22272.1, )",
        "resolved": "2.0.0-beta4.22272.1",
        "contentHash": "1uqED/q2H0kKoLJ4+hI2iPSBSEdTuhfCYADeJrAqERmiGQ2NNacYKRNEQ+gFbU4glgVyK8rxI+ZOe1onEtr/Pg=="
      }
    },
    "net8.0/linux-arm64": {
      "Microsoft.DotNet.ILCompiler": {
        "type": "Direct",
        "requested": "[8.0.13, )",
        "resolved": "8.0.13",
        "contentHash": "CCIhseY9KUJDIYKt7qD1IRLQA6Hr/8Dky31KS6UrM2sFyaFUb2JLagT0Uy2BiSf1i1Qy3nPjRb0zc1JFogOi9w==",
        "dependencies": {
          "runtime.linux-arm64.Microsoft.DotNet.ILCompiler": "8.0.13"
        }
      },
      "runtime.linux-arm64.Microsoft.DotNet.ILCompiler": {
        "type": "Transitive",
        "resolved": "8.0.13",
        "contentHash": "DgPxcaF0XporxXAfzZVK/vuhZixBObGqZ2fqLWooXOMDqimTT6MQ8CsOWWC/VTDzRHX+0rJbkvriKd/O+4GTWQ=="
      }
    },
    "net8.0/linux-x64": {
      "Microsoft.DotNet.ILCompiler": {
        "type": "Direct",
        "requested": "[8.0.13, )",
        "resolved": "8.0.13",
        "contentHash": "CCIhseY9KUJDIYKt7qD1IRLQA6Hr/8Dky31KS6UrM2sFyaFUb2JLagT0Uy2BiSf1i1Qy3nPjRb0zc1JFogOi9w==",
        "dependencies": {
          "runtime.linux-x64.Microsoft.DotNet.ILCompiler": "8.0.13"
        }
      },
      "runtime.linux-x64.Microsoft.DotNet.ILCompiler": {
        "type": "Transitive",
        "resolved": "8.0.13",
        "contentHash": "F/6J0r8N7VVL4AJHdawVFj4XxB/r1rw0oD0txuK6Om+m/SuidnGTGl2APUeZgqOtNtsIVYtL3L3jBYbo02xFeA=="
      }
    },
    "net8.0/osx-arm64": {
      "Microsoft.DotNet.ILCompiler": {
        "type": "Direct",
        "requested": "[8.0.13, )",
        "resolved": "8.0.13",
        "contentHash": "CCIhseY9KUJDIYKt7qD1IRLQA6Hr/8Dky31KS6UrM2sFyaFUb2JLagT0Uy2BiSf1i1Qy3nPjRb0zc1JFogOi9w==",
        "dependencies": {
          "runtime.osx-arm64.Microsoft.DotNet.ILCompiler": "8.0.13"
        }
      },
      "runtime.osx-arm64.Microsoft.DotNet.ILCompiler": {
        "type": "Transitive",
        "resolved": "8.0.13",
        "contentHash": "zhZU807MnAxckZWPuVXDbkAbU59/WvL2G/2VbXidnOXaXxATnJD/PMJ4aNmK/Vj3f9E7XKX7HXdreG15d8jqGg=="
      }
    },
    "net8.0/osx-x64": {
      "Microsoft.DotNet.ILCompiler": {
        "type": "Direct",
        "requested": "[8.0.13, )",
        "resolved": "8.0.13",
        "contentHash": "CCIhseY9KUJDIYKt7qD1IRLQA6Hr/8Dky31KS6UrM2sFyaFUb2JLagT0Uy2BiSf1i1Qy3nPjRb0zc1JFogOi9w==",
        "dependencies": {
          "runtime.osx-x64.Microsoft.DotNet.ILCompiler": "8.0.13"
        }
      },
      "runtime.osx-x64.Microsoft.DotNet.ILCompiler": {
        "type": "Transitive",
        "resolved": "8.0.13",
        "contentHash": "eNC4zenZlkGF3VaqreVfa04rnw7g2eEHNPB99M22EYVmiSxyMu3exlN4t8e/gyYNt5Qy0KXKoNWZCYP/xZXEow=="
      }
    },
    "net8.0/win-arm64": {
      "Microsoft.DotNet.ILCompiler": {
        "type": "Direct",
        "requested": "[8.0.13, )",
        "resolved": "8.0.13",
        "contentHash": "CCIhseY9KUJDIYKt7qD1IRLQA6Hr/8Dky31KS6UrM2sFyaFUb2JLagT0Uy2BiSf1i1Qy3nPjRb0zc1JFogOi9w==",
        "dependencies": {
          "runtime.win-arm64.Microsoft.DotNet.ILCompiler": "8.0.13"
        }
      },
      "runtime.win-arm64.Microsoft.DotNet.ILCompiler": {
        "type": "Transitive",
        "resolved": "8.0.13",
        "contentHash": "3rYIdT5JkKWmh3b5sWtSEP7rOzIRqbeh+utbMCOH+W5YoYCGChUY3N19WTcKihAQVSMaIQWIu0QZyK10ytMqqQ=="
      }
    },
    "net8.0/win-x64": {
      "Microsoft.DotNet.ILCompiler": {
        "type": "Direct",
        "requested": "[8.0.13, )",
        "resolved": "8.0.13",
        "contentHash": "CCIhseY9KUJDIYKt7qD1IRLQA6Hr/8Dky31KS6UrM2sFyaFUb2JLagT0Uy2BiSf1i1Qy3nPjRb0zc1JFogOi9w==",
        "dependencies": {
          "runtime.win-x64.Microsoft.DotNet.ILCompiler": "8.0.13"
        }
      },
      "runtime.win-x64.Microsoft.DotNet.ILCompiler": {
        "type": "Transitive",
        "resolved": "8.0.13",
        "contentHash": "4M/96PlMWH0ysnPe+q4iZvGvIREeJsRXFsfANU2qVg3cyTCp+cGX4Sa7Inu2/MfV9+nx98oYBDAgiJvyig9plg=="
      }
    }
  }
}