{
  "version": 1,
  "dependencies": {
    "net8.0": {
      "Microsoft.DotNet.ILCompiler": {
        "type": "Direct",
        "requested": "[8.0.14, )",
        "resolved": "8.0.14",
        "contentHash": "lJvndCQZJxHBVoD8VxfSJ2MaURHENC63sbeAJNfedvXvscgjQSpfVdcTsv0iGeSu9X05G05TYMCWVbZGj4Z51Q=="
      },
      "Microsoft.NET.ILLink.Tasks": {
        "type": "Direct",
        "requested": "[8.0.14, )",
        "resolved": "8.0.14",
        "contentHash": "4U2fd7PexNKrK5ZqfqIcXZj9/lRRjFsLgA/pxuFQTuGQuLYP/+7yACz/j7EmWbEj/fspOf4mafi/vHIy/rKDzQ=="
      },
      "System.CommandLine": {
        "type": "Direct",
        "requested": "[2.0.0-beta4.22272.1, )",
        "resolved": "2.0.0-beta4.22272.1",
        "contentHash": "1uqED/q2H0kKoLJ4+hI2iPSBSEdTuhfCYADeJrAqERmiGQ2NNacYKRNEQ+gFbU4glgVyK8rxI+ZOe1onEtr/Pg=="
      }
    },
    "net8.0/linux-arm64": {
      "Microsoft.DotNet.ILCompiler": {
        "type": "Direct",
        "requested": "[8.0.14, )",
        "resolved": "8.0.14",
        "contentHash": "lJvndCQZJxHBVoD8VxfSJ2MaURHENC63sbeAJNfedvXvscgjQSpfVdcTsv0iGeSu9X05G05TYMCWVbZGj4Z51Q==",
        "dependencies": {
          "runtime.linux-arm64.Microsoft.DotNet.ILCompiler": "8.0.14"
        }
      },
      "runtime.linux-arm64.Microsoft.DotNet.ILCompiler": {
        "type": "Transitive",
        "resolved": "8.0.14",
        "contentHash": "4xnuocAl1L4do00o4jsW7po5lMhHZqF4wBAaJM2JzEtD6LT54jj3h+42ZBHD/Ckji78Uz6HRdoJ2q98hlcwghg=="
      }
    },
    "net8.0/linux-x64": {
      "Microsoft.DotNet.ILCompiler": {
        "type": "Direct",
        "requested": "[8.0.14, )",
        "resolved": "8.0.14",
        "contentHash": "lJvndCQZJxHBVoD8VxfSJ2MaURHENC63sbeAJNfedvXvscgjQSpfVdcTsv0iGeSu9X05G05TYMCWVbZGj4Z51Q==",
        "dependencies": {
          "runtime.linux-x64.Microsoft.DotNet.ILCompiler": "8.0.14"
        }
      },
      "runtime.linux-x64.Microsoft.DotNet.ILCompiler": {
        "type": "Transitive",
        "resolved": "8.0.14",
        "contentHash": "Jjg/BY6zn1IZ3dEqR6Dgp9YPXyPT3FxvjhZb/H1YNWj7rKkEMpfnFkPK+2zw/ccTJhoOv48TUkydkbx1/o3KEw=="
      }
    },
    "net8.0/osx-arm64": {
      "Microsoft.DotNet.ILCompiler": {
        "type": "Direct",
        "requested": "[8.0.14, )",
        "resolved": "8.0.14",
        "contentHash": "lJvndCQZJxHBVoD8VxfSJ2MaURHENC63sbeAJNfedvXvscgjQSpfVdcTsv0iGeSu9X05G05TYMCWVbZGj4Z51Q==",
        "dependencies": {
          "runtime.osx-arm64.Microsoft.DotNet.ILCompiler": "8.0.14"
        }
      },
      "runtime.osx-arm64.Microsoft.DotNet.ILCompiler": {
        "type": "Transitive",
        "resolved": "8.0.14",
        "contentHash": "HtDXsDh1Fnurp9PrGsLpHTkHpyQRWS+PbuAQ4+QjLsZyY1Do0beo7PfyUthKNV07CecsmM7x3+Qxeh2w40xBmw=="
      }
    },
    "net8.0/osx-x64": {
      "Microsoft.DotNet.ILCompiler": {
        "type": "Direct",
        "requested": "[8.0.14, )",
        "resolved": "8.0.14",
        "contentHash": "lJvndCQZJxHBVoD8VxfSJ2MaURHENC63sbeAJNfedvXvscgjQSpfVdcTsv0iGeSu9X05G05TYMCWVbZGj4Z51Q==",
        "dependencies": {
          "runtime.osx-x64.Microsoft.DotNet.ILCompiler": "8.0.14"
        }
      },
      "runtime.osx-x64.Microsoft.DotNet.ILCompiler": {
        "type": "Transitive",
        "resolved": "8.0.14",
        "contentHash": "1Hud/IZhLp38XnPJHIyPz5GT5ss2mfg6kEYXbPRJhvsu1wNAaGXwYPt4w7s5BPWnYr3P/EEx8pSccWD2DfSXKw=="
      }
    },
    "net8.0/win-arm64": {
      "Microsoft.DotNet.ILCompiler": {
        "type": "Direct",
        "requested": "[8.0.14, )",
        "resolved": "8.0.14",
        "contentHash": "lJvndCQZJxHBVoD8VxfSJ2MaURHENC63sbeAJNfedvXvscgjQSpfVdcTsv0iGeSu9X05G05TYMCWVbZGj4Z51Q==",
        "dependencies": {
          "runtime.win-arm64.Microsoft.DotNet.ILCompiler": "8.0.14"
        }
      },
      "runtime.win-arm64.Microsoft.DotNet.ILCompiler": {
        "type": "Transitive",
        "resolved": "8.0.14",
        "contentHash": "CHBO9SxHS/hNBticBD7uxGX2LqJTHns2woZqJLk4xYnkx/pLRAWQJjpgm72Lf9DSWVQf8vh0pddSFw/xbsvlBw=="
      }
    },
    "net8.0/win-x64": {
      "Microsoft.DotNet.ILCompiler": {
        "type": "Direct",
        "requested": "[8.0.14, )",
        "resolved": "8.0.14",
        "contentHash": "lJvndCQZJxHBVoD8VxfSJ2MaURHENC63sbeAJNfedvXvscgjQSpfVdcTsv0iGeSu9X05G05TYMCWVbZGj4Z51Q==",
        "dependencies": {
          "runtime.win-x64.Microsoft.DotNet.ILCompiler": "8.0.14"
        }
      },
      "runtime.win-x64.Microsoft.DotNet.ILCompiler": {
        "type": "Transitive",
        "resolved": "8.0.14",
        "contentHash": "R8sYSj9FIf+miUFL5Db2fAcvcguU2K4a0d0NLuZKyvxsPHKRD25ag0QbWR0fDaURXEB8YjfPEBagxr1uIFWTTQ=="
      }
    }
  }
}